{
  "name": "nodejs",
  "version": "1.0.0",
  "lockfileVersion": 2,
  "requires": true,
  "packages": {
    "": {
      "name": "nodejs",
      "version": "1.0.0",
      "license": "ISC",
      "dependencies": {
        "bcryptjs": "^2.4.3",
        "serverless-http": "^3.1.0"
      }
    },
    "node_modules/bcryptjs": {
      "version": "2.4.3",
      "resolved": "https://registry.npmjs.org/bcryptjs/-/bcryptjs-2.4.3.tgz",
      "integrity": "sha512-V/Hy/X9Vt7f3BbPJEi8BdVFMByHi+jNXrYkW3huaybV/kQ0KJg0Y6PkEMbn+zeT+i+SiKZ/HMqJGIIt4LZDqNQ=="
    },
    "node_modules/serverless-http": {
      "version": "3.1.0",
      "resolved": "https://registry.npmjs.org/serverless-http/-/serverless-http-3.1.0.tgz",
      "integrity": "sha512-CwWO34otWjwJ3+meUlFoEhCOiEEpGDT/xnaZ835iMwF0PEL2GoMJMBRed6tUXYtrLAj4tTgkF6wiUbaJQyaEpw==",
      "engines": {
        "node": ">=12.0"
      }
    }
  },
  "dependencies": {
    "bcryptjs": {
      "version": "2.4.3",
      "resolved": "https://registry.npmjs.org/bcryptjs/-/bcryptjs-2.4.3.tgz",
      "integrity": "sha512-V/Hy/X9Vt7f3BbPJEi8BdVFMByHi+jNXrYkW3huaybV/kQ0KJg0Y6PkEMbn+zeT+i+SiKZ/HMqJGIIt4LZDqNQ=="
    },
    "serverless-http": {
      "version": "3.1.0",
      "resolved": "https://registry.npmjs.org/serverless-http/-/serverless-http-3.1.0.tgz",
      "integrity": "sha512-CwWO34otWjwJ3+meUlFoEhCOiEEpGDT/xnaZ835iMwF0PEL2GoMJMBRed6tUXYtrLAj4tTgkF6wiUbaJQyaEpw=="
    }
  }
}
